// !$*UTF8*$!
{
	archiveVersion = 1;
	classes = {
	};
	objectVersion = 46;
	objects = {

/* Begin PBXBuildFile section */
		14D67A071B01582400E43AB2 /* main.m in Sources */ = {isa = PBXBuildFile; fileRef = 14D67A061B01582400E43AB2 /* main.m */; };
		14D67A0A1B01582400E43AB2 /* AppDelegate.m in Sources */ = {isa = PBXBuildFile; fileRef = 14D67A091B01582400E43AB2 /* AppDelegate.m */; };
		14D67A101B01582400E43AB2 /* Main.storyboard in Resources */ = {isa = PBXBuildFile; fileRef = 14D67A0E1B01582400E43AB2 /* Main.storyboard */; };
		14D67A121B01582400E43AB2 /* Images.xcassets in Resources */ = {isa = PBXBuildFile; fileRef = 14D67A111B01582400E43AB2 /* Images.xcassets */; };
		14D67A151B01582400E43AB2 /* LaunchScreen.xib in Resources */ = {isa = PBXBuildFile; fileRef = 14D67A131B01582400E43AB2 /* LaunchScreen.xib */; };
		14D67A211B01582400E43AB2 /* knittingChartToolTests.m in Sources */ = {isa = PBXBuildFile; fileRef = 14D67A201B01582400E43AB2 /* knittingChartToolTests.m */; };
		14D67A2C1B01586000E43AB2 /* TableViewController.m in Sources */ = {isa = PBXBuildFile; fileRef = 14D67A2B1B01586000E43AB2 /* TableViewController.m */; };
		14D67A2F1B015CA200E43AB2 /* ProjectDetailViewController.m in Sources */ = {isa = PBXBuildFile; fileRef = 14D67A2E1B015CA200E43AB2 /* ProjectDetailViewController.m */; };
		14D67A321B015CB600E43AB2 /* ChartViewController.m in Sources */ = {isa = PBXBuildFile; fileRef = 14D67A311B015CB600E43AB2 /* ChartViewController.m */; };
/* End PBXBuildFile section */

/* Begin PBXContainerItemProxy section */
		14D67A1B1B01582400E43AB2 /* PBXContainerItemProxy */ = {
			isa = PBXContainerItemProxy;
			containerPortal = 14D679F91B01582400E43AB2 /* Project object */;
			proxyType = 1;
			remoteGlobalIDString = 14D67A001B01582400E43AB2;
			remoteInfo = knittingChartTool;
		};
/* End PBXContainerItemProxy section */

/* Begin PBXFileReference section */
		14D67A011B01582400E43AB2 /* knittingChartTool.app */ = {isa = PBXFileReference; explicitFileType = wrapper.application; includeInIndex = 0; path = knittingChartTool.app; sourceTree = BUILT_PRODUCTS_DIR; };
		14D67A051B01582400E43AB2 /* Info.plist */ = {isa = PBXFileReference; lastKnownFileType = text.plist.xml; path = Info.plist; sourceTree = "<group>"; };
		14D67A061B01582400E43AB2 /* main.m */ = {isa = PBXFileReference; lastKnownFileType = sourcecode.c.objc; path = main.m; sourceTree = "<group>"; };
		14D67A081B01582400E43AB2 /* AppDelegate.h */ = {isa = PBXFileReference; lastKnownFileType = sourcecode.c.h; path = AppDelegate.h; sourceTree = "<group>"; };
		14D67A091B01582400E43AB2 /* AppDelegate.m */ = {isa = PBXFileReference; lastKnownFileType = sourcecode.c.objc; path = AppDelegate.m; sourceTree = "<group>"; };
		14D67A0F1B01582400E43AB2 /* Base */ = {isa = PBXFileReference; lastKnownFileType = file.storyboard; name = Base; path = Base.lproj/Main.storyboard; sourceTree = "<group>"; };
		14D67A111B01582400E43AB2 /* Images.xcassets */ = {isa = PBXFileReference; lastKnownFileType = folder.assetcatalog; path = Images.xcassets; sourceTree = "<group>"; };
		14D67A141B01582400E43AB2 /* Base */ = {isa = PBXFileReference; lastKnownFileType = file.xib; name = Base; path = Base.lproj/LaunchScreen.xib; sourceTree = "<group>"; };
		14D67A1A1B01582400E43AB2 /* knittingChartToolTests.xctest */ = {isa = PBXFileReference; explicitFileType = wrapper.cfbundle; includeInIndex = 0; path = knittingChartToolTests.xctest; sourceTree = BUILT_PRODUCTS_DIR; };
		14D67A1F1B01582400E43AB2 /* Info.plist */ = {isa = PBXFileReference; lastKnownFileType = text.plist.xml; path = Info.plist; sourceTree = "<group>"; };
		14D67A201B01582400E43AB2 /* knittingChartToolTests.m */ = {isa = PBXFileReference; lastKnownFileType = sourcecode.c.objc; path = knittingChartToolTests.m; sourceTree = "<group>"; };
		14D67A2A1B01586000E43AB2 /* TableViewController.h */ = {isa = PBXFileReference; fileEncoding = 4; lastKnownFileType = sourcecode.c.h; path = TableViewController.h; sourceTree = "<group>"; };
		14D67A2B1B01586000E43AB2 /* TableViewController.m */ = {isa = PBXFileReference; fileEncoding = 4; lastKnownFileType = sourcecode.c.objc; path = TableViewController.m; sourceTree = "<group>"; };
		14D67A2D1B015CA200E43AB2 /* ProjectDetailViewController.h */ = {isa = PBXFileReference; fileEncoding = 4; lastKnownFileType = sourcecode.c.h; path = ProjectDetailViewController.h; sourceTree = "<group>"; };
		14D67A2E1B015CA200E43AB2 /* ProjectDetailViewController.m */ = {isa = PBXFileReference; fileEncoding = 4; lastKnownFileType = sourcecode.c.objc; path = ProjectDetailViewController.m; sourceTree = "<group>"; };
		14D67A301B015CB600E43AB2 /* ChartViewController.h */ = {isa = PBXFileReference; fileEncoding = 4; lastKnownFileType = sourcecode.c.h; path = ChartViewController.h; sourceTree = "<group>"; };
		14D67A311B015CB600E43AB2 /* ChartViewController.m */ = {isa = PBXFileReference; fileEncoding = 4; lastKnownFileType = sourcecode.c.objc; path = ChartViewController.m; sourceTree = "<group>"; };
/* End PBXFileReference section */

/* Begin PBXFrameworksBuildPhase section */
		14D679FE1B01582400E43AB2 /* Frameworks */ = {
			isa = PBXFrameworksBuildPhase;
			buildActionMask = 2147483647;
			files = (
			);
			runOnlyForDeploymentPostprocessing = 0;
		};
		14D67A171B01582400E43AB2 /* Frameworks */ = {
			isa = PBXFrameworksBuildPhase;
			buildActionMask = 2147483647;
			files = (
			);
			runOnlyForDeploymentPostprocessing = 0;
		};
/* End PBXFrameworksBuildPhase section */

/* Begin PBXGroup section */
		14D679F81B01582400E43AB2 = {
			isa = PBXGroup;
			children = (
				14D67A031B01582400E43AB2 /* knittingChartTool */,
				14D67A1D1B01582400E43AB2 /* knittingChartToolTests */,
				14D67A021B01582400E43AB2 /* Products */,
			);
			sourceTree = "<group>";
		};
		14D67A021B01582400E43AB2 /* Products */ = {
			isa = PBXGroup;
			children = (
				14D67A011B01582400E43AB2 /* knittingChartTool.app */,
				14D67A1A1B01582400E43AB2 /* knittingChartToolTests.xctest */,
			);
			name = Products;
			sourceTree = "<group>";
		};
		14D67A031B01582400E43AB2 /* knittingChartTool */ = {
			isa = PBXGroup;
			children = (
				14D67A081B01582400E43AB2 /* AppDelegate.h */,
				14D67A091B01582400E43AB2 /* AppDelegate.m */,
				14D67A0E1B01582400E43AB2 /* Main.storyboard */,
				14D67A2A1B01586000E43AB2 /* TableViewController.h */,
				14D67A2B1B01586000E43AB2 /* TableViewController.m */,
				14D67A2D1B015CA200E43AB2 /* ProjectDetailViewController.h */,
				14D67A2E1B015CA200E43AB2 /* ProjectDetailViewController.m */,
				14D67A301B015CB600E43AB2 /* ChartViewController.h */,
				14D67A311B015CB600E43AB2 /* ChartViewController.m */,
				14D67A111B01582400E43AB2 /* Images.xcassets */,
				14D67A131B01582400E43AB2 /* LaunchScreen.xib */,
				14D67A041B01582400E43AB2 /* Supporting Files */,
			);
			path = knittingChartTool;
			sourceTree = "<group>";
		};
		14D67A041B01582400E43AB2 /* Supporting Files */ = {
			isa = PBXGroup;
			children = (
				14D67A051B01582400E43AB2 /* Info.plist */,
				14D67A061B01582400E43AB2 /* main.m */,
			);
			name = "Supporting Files";
			sourceTree = "<group>";
		};
		14D67A1D1B01582400E43AB2 /* knittingChartToolTests */ = {
			isa = PBXGroup;
			children = (
				14D67A201B01582400E43AB2 /* knittingChartToolTests.m */,
				14D67A1E1B01582400E43AB2 /* Supporting Files */,
			);
			path = knittingChartToolTests;
			sourceTree = "<group>";
		};
		14D67A1E1B01582400E43AB2 /* Supporting Files */ = {
			isa = PBXGroup;
			children = (
				14D67A1F1B01582400E43AB2 /* Info.plist */,
			);
			name = "Supporting Files";
			sourceTree = "<group>";
		};
/* End PBXGroup section */

/* Begin PBXNativeTarget section */
		14D67A001B01582400E43AB2 /* knittingChartTool */ = {
			isa = PBXNativeTarget;
			buildConfigurationList = 14D67A241B01582400E43AB2 /* Build configuration list for PBXNativeTarget "knittingChartTool" */;
			buildPhases = (
				14D679FD1B01582400E43AB2 /* Sources */,
				14D679FE1B01582400E43AB2 /* Frameworks */,
				14D679FF1B01582400E43AB2 /* Resources */,
			);
			buildRules = (
			);
			dependencies = (
			);
			name = knittingChartTool;
			productName = knittingChartTool;
			productReference = 14D67A011B01582400E43AB2 /* knittingChartTool.app */;
			productType = "com.apple.product-type.application";
		};
		14D67A191B01582400E43AB2 /* knittingChartToolTests */ = {
			isa = PBXNativeTarget;
			buildConfigurationList = 14D67A271B01582400E43AB2 /* Build configuration list for PBXNativeTarget "knittingChartToolTests" */;
			buildPhases = (
				14D67A161B01582400E43AB2 /* Sources */,
				14D67A171B01582400E43AB2 /* Frameworks */,
				14D67A181B01582400E43AB2 /* Resources */,
			);
			buildRules = (
			);
			dependencies = (
				14D67A1C1B01582400E43AB2 /* PBXTargetDependency */,
			);
			name = knittingChartToolTests;
			productName = knittingChartToolTests;
			productReference = 14D67A1A1B01582400E43AB2 /* knittingChartToolTests.xctest */;
			productType = "com.apple.product-type.bundle.unit-test";
		};
/* End PBXNativeTarget section */

/* Begin PBXProject section */
		14D679F91B01582400E43AB2 /* Project object */ = {
			isa = PBXProject;
			attributes = {
				LastUpgradeCheck = 0630;
				ORGANIZATIONNAME = "Jen Kelley";
				TargetAttributes = {
					14D67A001B01582400E43AB2 = {
						CreatedOnToolsVersion = 6.3.1;
					};
					14D67A191B01582400E43AB2 = {
						CreatedOnToolsVersion = 6.3.1;
						TestTargetID = 14D67A001B01582400E43AB2;
					};
				};
			};
			buildConfigurationList = 14D679FC1B01582400E43AB2 /* Build configuration list for PBXProject "knittingChartTool" */;
			compatibilityVersion = "Xcode 3.2";
			developmentRegion = English;
			hasScannedForEncodings = 0;
			knownRegions = (
				en,
				Base,
			);
			mainGroup = 14D679F81B01582400E43AB2;
			productRefGroup = 14D67A021B01582400E43AB2 /* Products */;
			projectDirPath = "";
			projectRoot = "";
			targets = (
				14D67A001B01582400E43AB2 /* knittingChartTool */,
				14D67A191B01582400E43AB2 /* knittingChartToolTests */,
			);
		};
/* End PBXProject section */

/* Begin PBXResourcesBuildPhase section */
		14D679FF1B01582400E43AB2 /* Resources */ = {
			isa = PBXResourcesBuildPhase;
			buildActionMask = 2147483647;
			files = (
				14D67A101B01582400E43AB2 /* Main.storyboard in Resources */,
				14D67A151B01582400E43AB2 /* LaunchScreen.xib in Resources */,
				14D67A121B01582400E43AB2 /* Images.xcassets in Resources */,
			);
			runOnlyForDeploymentPostprocessing = 0;
		};
		14D67A181B01582400E43AB2 /* Resources */ = {
			isa = PBXResourcesBuildPhase;
			buildActionMask = 2147483647;
			files = (
			);
			runOnlyForDeploymentPostprocessing = 0;
		};
/* End PBXResourcesBuildPhase section */

/* Begin PBXSourcesBuildPhase section */
		14D679FD1B01582400E43AB2 /* Sources */ = {
			isa = PBXSourcesBuildPhase;
			buildActionMask = 2147483647;
			files = (
				14D67A321B015CB600E43AB2 /* ChartViewController.m in Sources */,
				14D67A0A1B01582400E43AB2 /* AppDelegate.m in Sources */,
				14D67A2F1B015CA200E43AB2 /* ProjectDetailViewController.m in Sources */,
				14D67A2C1B01586000E43AB2 /* TableViewController.m in Sources */,
				14D67A071B01582400E43AB2 /* main.m in Sources */,
			);
			runOnlyForDeploymentPostprocessing = 0;
		};
		14D67A161B01582400E43AB2 /* Sources */ = {
			isa = PBXSourcesBuildPhase;
			buildActionMask = 2147483647;
			files = (
				14D67A211B01582400E43AB2 /* knittingChartToolTests.m in Sources */,
			);
			runOnlyForDeploymentPostprocessing = 0;
		};
/* End PBXSourcesBuildPhase section */

/* Begin PBXTargetDependency section */
		14D67A1C1B01582400E43AB2 /* PBXTargetDependency */ = {
			isa = PBXTargetDependency;
			target = 14D67A001B01582400E43AB2 /* knittingChartTool */;
			targetProxy = 14D67A1B1B01582400E43AB2 /* PBXContainerItemProxy */;
		};
/* End PBXTargetDependency section */

/* Begin PBXVariantGroup section */
		14D67A0E1B01582400E43AB2 /* Main.storyboard */ = {
			isa = PBXVariantGroup;
			children = (
				14D67A0F1B01582400E43AB2 /* Base */,
			);
			name = Main.storyboard;
			sourceTree = "<group>";
		};
		14D67A131B01582400E43AB2 /* LaunchScreen.xib */ = {
			isa = PBXVariantGroup;
			children = (
				14D67A141B01582400E43AB2 /* Base */,
			);
			name = LaunchScreen.xib;
			sourceTree = "<group>";
		};
/* End PBXVariantGroup section */

/* Begin XCBuildConfiguration section */
		14D67A221B01582400E43AB2 /* Debug */ = {
			isa = XCBuildConfiguration;
			buildSettings = {
				ALWAYS_SEARCH_USER_PATHS = NO;
				CLANG_CXX_LANGUAGE_STANDARD = "gnu++0x";
				CLANG_CXX_LIBRARY = "libc++";
				CLANG_ENABLE_MODULES = YES;
				CLANG_ENABLE_OBJC_ARC = YES;
				CLANG_WARN_BOOL_CONVERSION = YES;
				CLANG_WARN_CONSTANT_CONVERSION = YES;
				CLANG_WARN_DIRECT_OBJC_ISA_USAGE = YES_ERROR;
				CLANG_WARN_EMPTY_BODY = YES;
				CLANG_WARN_ENUM_CONVERSION = YES;
				CLANG_WARN_INT_CONVERSION = YES;
				CLANG_WARN_OBJC_ROOT_CLASS = YES_ERROR;
				CLANG_WARN_UNREACHABLE_CODE = YES;
				CLANG_WARN__DUPLICATE_METHOD_MATCH = YES;
				"CODE_SIGN_IDENTITY[sdk=iphoneos*]" = "iPhone Developer";
				COPY_PHASE_STRIP = NO;
				DEBUG_INFORMATION_FORMAT = "dwarf-with-dsym";
				ENABLE_STRICT_OBJC_MSGSEND = YES;
				GCC_C_LANGUAGE_STANDARD = gnu99;
				GCC_DYNAMIC_NO_PIC = NO;
				GCC_NO_COMMON_BLOCKS = YES;
				GCC_OPTIMIZATION_LEVEL = 0;
				GCC_PREPROCESSOR_DEFINITIONS = (
					"DEBUG=1",
					"$(inherited)",
				);
				GCC_SYMBOLS_PRIVATE_EXTERN = NO;
				GCC_WARN_64_TO_32_BIT_CONVERSION = YES;
				GCC_WARN_ABOUT_RETURN_TYPE = YES_ERROR;
				GCC_WARN_UNDECLARED_SELECTOR = YES;
				GCC_WARN_UNINITIALIZED_AUTOS = YES_AGGRESSIVE;
				GCC_WARN_UNUSED_FUNCTION = YES;
				GCC_WARN_UNUSED_VARIABLE = YES;
				IPHONEOS_DEPLOYMENT_TARGET = 8.3;
				MTL_ENABLE_DEBUG_INFO = YES;
				ONLY_ACTIVE_ARCH = YES;
				SDKROOT = iphoneos;
			};
			name = Debug;
		};
		14D67A231B01582400E43AB2 /* Release */ = {
			isa = XCBuildConfiguration;
			buildSettings = {
				ALWAYS_SEARCH_USER_PATHS = NO;
				CLANG_CXX_LANGUAGE_STANDARD = "gnu++0x";
				CLANG_CXX_LIBRARY = "libc++";
				CLANG_ENABLE_MODULES = YES;
				CLANG_ENABLE_OBJC_ARC = YES;
				CLANG_WARN_BOOL_CONVERSION = YES;
				CLANG_WARN_CONSTANT_CONVERSION = YES;
				CLANG_WARN_DIRECT_OBJC_ISA_USAGE = YES_ERROR;
				CLANG_WARN_EMPTY_BODY = YES;
				CLANG_WARN_ENUM_CONVERSION = YES;
				CLANG_WARN_INT_CONVERSION = YES;
				CLANG_WARN_OBJC_ROOT_CLASS = YES_ERROR;
				CLANG_WARN_UNREACHABLE_CODE = YES;
				CLANG_WARN__DUPLICATE_METHOD_MATCH = YES;
				"CODE_SIGN_IDENTITY[sdk=iphoneos*]" = "iPhone Developer";
				COPY_PHASE_STRIP = NO;
				DEBUG_INFORMATION_FORMAT = "dwarf-with-dsym";
				ENABLE_NS_ASSERTIONS = NO;
				ENABLE_STRICT_OBJC_MSGSEND = YES;
				GCC_C_LANGUAGE_STANDARD = gnu99;
				GCC_NO_COMMON_BLOCKS = YES;
				GCC_WARN_64_TO_32_BIT_CONVERSION = YES;
				GCC_WARN_ABOUT_RETURN_TYPE = YES_ERROR;
				GCC_WARN_UNDECLARED_SELECTOR = YES;
				GCC_WARN_UNINITIALIZED_AUTOS = YES_AGGRESSIVE;
				GCC_WARN_UNUSED_FUNCTION = YES;
				GCC_WARN_UNUSED_VARIABLE = YES;
				IPHONEOS_DEPLOYMENT_TARGET = 8.3;
				MTL_ENABLE_DEBUG_INFO = NO;
				SDKROOT = iphoneos;
				VALIDATE_PRODUCT = YES;
			};
			name = Release;
		};
		14D67A251B01582400E43AB2 /* Debug */ = {
			isa = XCBuildConfiguration;
			buildSettings = {
				ASSETCATALOG_COMPILER_APPICON_NAME = AppIcon;
				INFOPLIST_FILE = knittingChartTool/Info.plist;
				LD_RUNPATH_SEARCH_PATHS = "$(inherited) @executable_path/Frameworks";
				PRODUCT_NAME = "$(TARGET_NAME)";
			};
			name = Debug;
		};
		14D67A261B01582400E43AB2 /* Release */ = {
			isa = XCBuildConfiguration;
			buildSettings = {
				ASSETCATALOG_COMPILER_APPICON_NAME = AppIcon;
				INFOPLIST_FILE = knittingChartTool/Info.plist;
				LD_RUNPATH_SEARCH_PATHS = "$(inherited) @executable_path/Frameworks";
				PRODUCT_NAME = "$(TARGET_NAME)";
			};
			name = Release;
		};
		14D67A281B01582400E43AB2 /* Debug */ = {
			isa = XCBuildConfiguration;
			buildSettings = {
				BUNDLE_LOADER = "$(TEST_HOST)";
				FRAMEWORK_SEARCH_PATHS = (
					"$(SDKROOT)/Developer/Library/Frameworks",
					"$(inherited)",
				);
				GCC_PREPROCESSOR_DEFINITIONS = (
					"DEBUG=1",
					"$(inherited)",
				);
				INFOPLIST_FILE = knittingChartToolTests/Info.plist;
				LD_RUNPATH_SEARCH_PATHS = "$(inherited) @executable_path/Frameworks @loader_path/Frameworks";
				PRODUCT_NAME = "$(TARGET_NAME)";
				TEST_HOST = "$(BUILT_PRODUCTS_DIR)/knittingChartTool.app/knittingChartTool";
			};
			name = Debug;
		};
		14D67A291B01582400E43AB2 /* Release */ = {
			isa = XCBuildConfiguration;
			buildSettings = {
				BUNDLE_LOADER = "$(TEST_HOST)";
				FRAMEWORK_SEARCH_PATHS = (
					"$(SDKROOT)/Developer/Library/Frameworks",
					"$(inherited)",
				);
				INFOPLIST_FILE = knittingChartToolTests/Info.plist;
				LD_RUNPATH_SEARCH_PATHS = "$(inherited) @executable_path/Frameworks @loader_path/Frameworks";
				PRODUCT_NAME = "$(TARGET_NAME)";
				TEST_HOST = "$(BUILT_PRODUCTS_DIR)/knittingChartTool.app/knittingChartTool";
			};
			name = Release;
		};
/* End XCBuildConfiguration section */

/* Begin XCConfigurationList section */
		14D679FC1B01582400E43AB2 /* Build configuration list for PBXProject "knittingChartTool" */ = {
			isa = XCConfigurationList;
			buildConfigurations = (
				14D67A221B01582400E43AB2 /* Debug */,
				14D67A231B01582400E43AB2 /* Release */,
			);
			defaultConfigurationIsVisible = 0;
			defaultConfigurationName = Release;
		};
		14D67A241B01582400E43AB2 /* Build configuration list for PBXNativeTarget "knittingChartTool" */ = {
			isa = XCConfigurationList;
			buildConfigurations = (
				14D67A251B01582400E43AB2 /* Debug */,
				14D67A261B01582400E43AB2 /* Release */,
			);
			defaultConfigurationIsVisible = 0;
		};
		14D67A271B01582400E43AB2 /* Build configuration list for PBXNativeTarget "knittingChartToolTests" */ = {
			isa = XCConfigurationList;
			buildConfigurations = (
				14D67A281B01582400E43AB2 /* Debug */,
				14D67A291B01582400E43AB2 /* Release */,
			);
			defaultConfigurationIsVisible = 0;
		};
/* End XCConfigurationList section */
	};
	rootObject = 14D679F91B01582400E43AB2 /* Project object */;
}
